
Microsoft Visual Studio Solution File, Format Version 12.00
# Visual Studio Version 17
VisualStudioVersion = 17.5.33530.505
MinimumVisualStudioVersion = 10.0.40219.1
Project("{FAE04EC0-301F-11D3-BF4B-00C04F79EFBC}") = "Objetos y Matrices", "Objetos y Matrices.csproj", "{0518D9D6-5B70-45D7-BA30-2632C9D78F90}"
EndProject
Global
	GlobalSection(SolutionConfigurationPlatforms) = preSolution
		Debug|Any CPU = Debug|Any CPU
		Release|Any CPU = Release|Any CPU
	EndGlobalSection
	GlobalSection(ProjectConfigurationPlatforms) = postSolution
		{0518D9D6-5B70-45D7-BA30-2632C9D78F90}.Debug|Any CPU.ActiveCfg = Debug|Any CPU
		{0518D9D6-5B70-45D7-BA30-2632C9D78F90}.Debug|Any CPU.Build.0 = Debug|Any CPU
		{0518D9D6-5B70-45D7-BA30-2632C9D78F90}.Release|Any CPU.ActiveCfg = Release|Any CPU
		{0518D9D6-5B70-45D7-BA30-2632C9D78F90}.Release|Any CPU.Build.0 = Release|Any CPU
	EndGlobalSection
	GlobalSection(SolutionProperties) = preSolution
		HideSolutionNode = FALSE
	EndGlobalSection
	GlobalSection(ExtensibilityGlobals) = postSolution
		SolutionGuid = {D50AF856-ECBB-44E7-9747-EF75597B86F8}
	EndGlobalSection
EndGlobal
